<?xml version="1.0" encoding="utf-8"?>
<Project ToolsVersion="4.0" xmlns="http://schemas.microsoft.com/developer/msbuild/2003">
  <ItemGroup>
    <Filter Include="Source Files">
      <UniqueIdentifier>{4FC737F1-C7A5-4376-A066-2A32D752A2FF}</UniqueIdentifier>
      <Extensions>cpp;c;cc;cxx;def;odl;idl;hpj;bat;asm;asmx</Extensions>
    </Filter>
    <Filter Include="Header Files">
      <UniqueIdentifier>{93995380-89BD-4b04-88EB-625FBE52EBFB}</UniqueIdentifier>
      <Extensions>h;hh;hpp;hxx;hm;inl;inc;xsd</Extensions>
    </Filter>
    <Filter Include="Resource Files">
      <UniqueIdentifier>{67DA6AB6-F800-4c08-8B7A-83BB121AAD01}</UniqueIdentifier>
      <Extensions>rc;ico;cur;bmp;dlg;rc2;rct;bin;rgs;gif;jpg;jpeg;jpe;resx;tiff;tif;png;wav;mfcribbon-ms</Extensions>
    </Filter>
    <Filter Include="Header Files\NewFilter1">
      <UniqueIdentifier>{374f5f0a-5b1d-4a50-b423-b68f71dea29c}</UniqueIdentifier>
    </Filter>
  </ItemGroup>
  <ItemGroup>
    <ClInclude Include="htmlencode.h">
      <Filter>Header Files</Filter>
    </ClInclude>
    <ClInclude Include="istreamsequence.h">
      <Filter>Header Files</Filter>
    </ClInclude>
    <ClInclude Include="markdownparser.h">
      <Filter>Header Files</Filter>
    </ClInclude>
    <ClInclude Include="markdownscanner.h">
      <Filter>Header Files</Filter>
    </ClInclude>
    <ClInclude Include="mockparser.h">
      <Filter>Header Files</Filter>
    </ClInclude>
    <ClInclude Include="mockscanner.h">
      <Filter>Header Files</Filter>
    </ClInclude>
    <ClInclude Include="nodes.h">
      <Filter>Header Files</Filter>
    </ClInclude>
    <ClInclude Include="parser.h">
      <Filter>Header Files</Filter>
    </ClInclude>
    <ClInclude Include="postprocessor.h">
      <Filter>Header Files</Filter>
    </ClInclude>
    <ClInclude Include="queue.h">
      <Filter>Header Files</Filter>
    </ClInclude>
    <ClInclude Include="scanner.h">
      <Filter>Header Files</Filter>
    </ClInclude>
    <ClInclude Include="sequence.h">
      <Filter>Header Files</Filter>
    </ClInclude>
    <ClInclude Include="stringsequence.h">
      <Filter>Header Files</Filter>
    </ClInclude>
    <ClInclude Include="buffered.h">
      <Filter>Header Files</Filter>
    </ClInclude>
    <ClInclude Include="token.h">
      <Filter>Header Files</Filter>
    </ClInclude>
    <ClInclude Include="utf8sequence.h">
      <Filter>Header Files</Filter>
    </ClInclude>
  </ItemGroup>
  <ItemGroup>
    <ClCompile Include="htmlencode.cpp">
      <Filter>Source Files</Filter>
    </ClCompile>
    <ClCompile Include="istreamsequence.cpp">
      <Filter>Source Files</Filter>
    </ClCompile>
    <ClCompile Include="main_compiler.cpp">
      <Filter>Source Files</Filter>
    </ClCompile>
    <ClCompile Include="main_parser.cpp">
      <Filter>Source Files</Filter>
    </ClCompile>
    <ClCompile Include="main_scanner.cpp">
      <Filter>Source Files</Filter>
    </ClCompile>
    <ClCompile Include="markdownparser.cpp">
      <Filter>Source Files</Filter>
    </ClCompile>
    <ClCompile Include="markdownscanner.cpp">
      <Filter>Source Files</Filter>
    </ClCompile>
    <ClCompile Include="mockparser.cpp">
      <Filter>Source Files</Filter>
    </ClCompile>
    <ClCompile Include="mockscanner.cpp">
      <Filter>Source Files</Filter>
    </ClCompile>
    <ClCompile Include="nodes.cpp">
      <Filter>Source Files</Filter>
    </ClCompile>
    <ClCompile Include="parser.cpp">
      <Filter>Source Files</Filter>
    </ClCompile>
    <ClCompile Include="postprocessor.cpp">
      <Filter>Source Files</Filter>
    </ClCompile>
    <ClCompile Include="scanner.cpp">
      <Filter>Source Files</Filter>
    </ClCompile>
    <ClCompile Include="sequence.cpp">
      <Filter>Source Files</Filter>
    </ClCompile>
    <ClCompile Include="stringsequence.cpp">
      <Filter>Source Files</Filter>
    </ClCompile>
    <ClCompile Include="test_postprocessor.cpp">
      <Filter>Source Files</Filter>
    </ClCompile>
    <ClCompile Include="test_sequence.cpp">
      <Filter>Source Files</Filter>
    </ClCompile>
    <ClCompile Include="token.cpp">
      <Filter>Source Files</Filter>
    </ClCompile>
    <ClCompile Include="utf8sequence.cpp">
      <Filter>Source Files</Filter>
    </ClCompile>
  </ItemGroup>
  <ItemGroup>
    <None Include=".gitignore">
      <Filter>Resource Files</Filter>
    </None>
    <None Include="bold1.html">
      <Filter>Resource Files</Filter>
    </None>
    <None Include="bold1.md">
      <Filter>Resource Files</Filter>
    </None>
    <None Include="bold1ref.html">
      <Filter>Resource Files</Filter>
    </None>
    <None Include="bold2.html">
      <Filter>Resource Files</Filter>
    </None>
    <None Include="bold2.md">
      <Filter>Resource Files</Filter>
    </None>
    <None Include="bold2ref.html">
      <Filter>Resource Files</Filter>
    </None>
    <None Include="bold3.md">
      <Filter>Resource Files</Filter>
    </None>
    <None Include="bold4.html">
      <Filter>Resource Files</Filter>
    </None>
    <None Include="ex1.html">
      <Filter>Resource Files</Filter>
    </None>
    <None Include="ex2.html">
      <Filter>Resource Files</Filter>
    </None>
    <None Include="ex2.md">
      <Filter>Resource Files</Filter>
    </None>
    <None Include="ex3.html">
      <Filter>Resource Files</Filter>
    </None>
    <None Include="ex3.md">
      <Filter>Resource Files</Filter>
    </None>
    <None Include="ex4.html">
      <Filter>Resource Files</Filter>
    </None>
    <None Include="ex4.md">
      <Filter>Resource Files</Filter>
    </None>
    <None Include="hello.html">
      <Filter>Resource Files</Filter>
    </None>
    <None Include="README.md">
      <Filter>Resource Files</Filter>
    </None>
    <None Include="test1.html">
      <Filter>Resource Files</Filter>
    </None>
    <None Include="test2.html">
      <Filter>Resource Files</Filter>
    </None>
    <None Include="parser.bat">
      <Filter>Resource Files</Filter>
    </None>
    <None Include="bold3.html">
      <Filter>Resource Files</Filter>
    </None>
    <None Include="italics.md">
      <Filter>Resource Files</Filter>
    </None>
    <None Include="italics.html">
      <Filter>Resource Files</Filter>
    </None>
  </ItemGroup>
  <ItemGroup>
    <Text Include="grammar.txt">
      <Filter>Resource Files</Filter>
    </Text>
    <Text Include="hello.txt">
      <Filter>Resource Files</Filter>
    </Text>
    <Text Include="readme.txt">
      <Filter>Resource Files</Filter>
    </Text>
    <Text Include="command.txt">
      <Filter>Resource Files</Filter>
    </Text>
  </ItemGroup>
  <ItemGroup>
    <CustomBuild Include="ex1.md">
      <Filter>Resource Files</Filter>
    </CustomBuild>
  </ItemGroup>
</Project>